
Microsoft Visual Studio Solution File, Format Version 12.00
# Visual Studio Version 17
VisualStudioVersion = 17.0.32014.148
MinimumVisualStudioVersion = 10.0.40219.1
Project("{FAE04EC0-301F-11D3-BF4B-00C04F79EFBC}") = "P1ACrud13.14", "P1ACrud13.14\P1ACrud13.14.csproj", "{34AD466D-4DFB-4A41-BD06-7FF01CD08CC8}"
EndProject
Project("{FAE04EC0-301F-11D3-BF4B-00C04F79EFBC}") = "WdfP1AC14", "WdfP1AC14\WdfP1AC14.csproj", "{569D2E41-FE9B-4016-8944-5E235E6C1045}"
EndProject
Global
	GlobalSection(SolutionConfigurationPlatforms) = preSolution
		Debug|Any CPU = Debug|Any CPU
		Release|Any CPU = Release|Any CPU
	EndGlobalSection
	GlobalSection(ProjectConfigurationPlatforms) = postSolution
		{34AD466D-4DFB-4A41-BD06-7FF01CD08CC8}.Debug|Any CPU.ActiveCfg = Debug|Any CPU
		{34AD466D-4DFB-4A41-BD06-7FF01CD08CC8}.Debug|Any CPU.Build.0 = Debug|Any CPU
		{34AD466D-4DFB-4A41-BD06-7FF01CD08CC8}.Release|Any CPU.ActiveCfg = Release|Any CPU
		{34AD466D-4DFB-4A41-BD06-7FF01CD08CC8}.Release|Any CPU.Build.0 = Release|Any CPU
		{569D2E41-FE9B-4016-8944-5E235E6C1045}.Debug|Any CPU.ActiveCfg = Debug|Any CPU
		{569D2E41-FE9B-4016-8944-5E235E6C1045}.Debug|Any CPU.Build.0 = Debug|Any CPU
		{569D2E41-FE9B-4016-8944-5E235E6C1045}.Release|Any CPU.ActiveCfg = Release|Any CPU
		{569D2E41-FE9B-4016-8944-5E235E6C1045}.Release|Any CPU.Build.0 = Release|Any CPU
	EndGlobalSection
	GlobalSection(SolutionProperties) = preSolution
		HideSolutionNode = FALSE
	EndGlobalSection
	GlobalSection(ExtensibilityGlobals) = postSolution
		SolutionGuid = {1A81BC4C-A662-44C7-889C-12A9267B56E4}
	EndGlobalSection
EndGlobal
